PODS:
  - Alamofire (4.4.0)
  - DMSwipeCards (1.0.3)

DEPENDENCIES:
  - Alamofire (~> 4.4)
  - DMSwipeCards

SPEC CHECKSUMS:
  Alamofire: dc44b1600b800eb63da6a19039a0083d62a6a62d
  DMSwipeCards: 0f2488120c13eb73366f01e87d1423495cde8ed4

PODFILE CHECKSUM: 6feb36ab09efcde6d16f477a0459ea0b2989cc90

COCOAPODS: 1.2.1.beta.1
